version = 1
revision = 3
requires-python = "==3.12.10"
required-markers = [
    "platform_machine == 'x86_64' and sys_platform == 'darwin'",
    "platform_machine == 'arm64' and sys_platform == 'darwin'",
    "platform_machine == 'AMD64' and sys_platform == 'win32'",
    "platform_machine == 'ARM64' and sys_platform == 'win32'",
    "platform_machine == 'x86_64' and sys_platform == 'linux'",
    "platform_machine == 'aarch64' and sys_platform == 'linux'",
]

[[package]]
name = "product-name"
version = "0.0.0"
source = { virtual = "." }
